<?xml version="1.0" encoding="utf-8"?>
<Project ToolsVersion="4.0" xmlns="http://schemas.microsoft.com/developer/msbuild/2003">
  <ItemGroup>
    <Filter Include="Core">
      <UniqueIdentifier>{3D6A4D30-9D10-478A-946A-109F904E826A34}</UniqueIdentifier>
    </Filter>
    <Filter Include="Core\DirectX">
      <UniqueIdentifier>{E495B7EB-68CA-4977-8CFC-41E8D21DAD8FC}</UniqueIdentifier>
    </Filter>
    <Filter Include="Core\WinApp">
      <UniqueIdentifier>{AB3ED23E-8946-4DB7-9A4E-C676A2A4C3C92}</UniqueIdentifier>
    </Filter>
    <Filter Include="Framework">
      <UniqueIdentifier>{451CBE1B-AEC0-4DB0-A9EF-B54AC49CDE4E4}</UniqueIdentifier>
    </Filter>
    <Filter Include="Framework\eScene">
      <UniqueIdentifier>{AC4DF4A4-A0FC-4969-8033-9267211776D0D}</UniqueIdentifier>
    </Filter>
    <Filter Include="Framework\Particle">
      <UniqueIdentifier>{13161C91-2ECA-4649-B6E8-10953BBDED27EC}</UniqueIdentifier>
    </Filter>
    <Filter Include="Physics">
      <UniqueIdentifier>{DC9988E4-2076-4802-8348-109D6AA798F5C9}</UniqueIdentifier>
    </Filter>
    <Filter Include="Physics\Collision">
      <UniqueIdentifier>{76F47459-12FA-439E-A71C-702EA4B5564C2}</UniqueIdentifier>
    </Filter>
    <Filter Include="Physics\Math">
      <UniqueIdentifier>{6A249C7B-23A8-4586-A4B7-11988B7E81412C}</UniqueIdentifier>
    </Filter>
    <Filter Include="Rendering">
      <UniqueIdentifier>{930C74F0-2730-460C-B760-CE42DFC1E4C3F}</UniqueIdentifier>
    </Filter>
    <Filter Include="Rendering\Light">
      <UniqueIdentifier>{51CB253B-87ED-455B-A0EB-945468EC4A148}</UniqueIdentifier>
    </Filter>
    <Filter Include="Rendering\LineDrawer">
      <UniqueIdentifier>{4D59C51B-897F-4FC9-9C00-FBA2E37615CA4}</UniqueIdentifier>
    </Filter>
    <Filter Include="Rendering\Model">
      <UniqueIdentifier>{03BF0C71-42A9-4B55-A7B7-14813A04717C1D}</UniqueIdentifier>
    </Filter>
    <Filter Include="Rendering\Model\Animation">
      <UniqueIdentifier>{DF4A2ACC-C444-44DE-9BC0-F8BB1EB86A5F8}</UniqueIdentifier>
    </Filter>
    <Filter Include="Rendering\Model\Animation\Joint">
      <UniqueIdentifier>{584D334C-238D-47C3-B3B6-1987BCA874774B}</UniqueIdentifier>
    </Filter>
    <Filter Include="Rendering\Model\Animation\Node">
      <UniqueIdentifier>{586ECF99-4699-47FF-A55C-1FD3334E5CA297}</UniqueIdentifier>
    </Filter>
    <Filter Include="Rendering\Model\Animation\Skeleton">
      <UniqueIdentifier>{F52663F3-5718-439F-A834-1E7830DCB78C0E}</UniqueIdentifier>
    </Filter>
    <Filter Include="Rendering\Model\Animation\SkinCluster">
      <UniqueIdentifier>{360C080C-83D4-4261-BEE1-2235FB7492F90C}</UniqueIdentifier>
    </Filter>
    <Filter Include="Rendering\Sprite">
      <UniqueIdentifier>{E860839F-1DE9-457C-BEE1-257B1257998429}</UniqueIdentifier>
    </Filter>
    <Filter Include="ResourceManagement">
      <UniqueIdentifier>{37E48692-67A1-47F3-B189-103DDC9C5F8816}</UniqueIdentifier>
    </Filter>
    <Filter Include="ResourceManagement\TextureManager">
      <UniqueIdentifier>{E3094A5A-83B4-4D63-9C60-128E4A2DC8A352}</UniqueIdentifier>
    </Filter>
    <Filter Include="Systems">
      <UniqueIdentifier>{834F8B41-442F-4A1B-A08E-216D5E18786FBF}</UniqueIdentifier>
    </Filter>
    <Filter Include="Systems\Audio">
      <UniqueIdentifier>{D6DD8F6A-0419-4F1A-AE39-799FA165646B1}</UniqueIdentifier>
    </Filter>
    <Filter Include="Systems\Config">
      <UniqueIdentifier>{FAC97E67-E1C3-424A-A1A6-E0B4E5CA9D228}</UniqueIdentifier>
    </Filter>
    <Filter Include="Systems\Input">
      <UniqueIdentifier>{997B1C83-B509-4D6F-83BE-E5782D504CCD7}</UniqueIdentifier>
    </Filter>
    <Filter Include="Systems\Time">
      <UniqueIdentifier>{D7E80DA9-6EEA-4CEA-A0FA-D302DAB6A5861}</UniqueIdentifier>
    </Filter>
    <Filter Include="Systems\Utility">
      <UniqueIdentifier>{24836313-32E9-403E-AC7B-C671FE41B8CCF}</UniqueIdentifier>
    </Filter>
    <Filter Include="UI">
      <UniqueIdentifier>{AF5FC363-F7EC-45A8-A1A2-F03A1D154E9D1}</UniqueIdentifier>
    </Filter>
    <Filter Include="UI\ImGuiManager">
      <UniqueIdentifier>{2530E592-17E9-458B-B9AC-2C39BD8D53273}</UniqueIdentifier>
    </Filter>
    <Filter Include="Framework\Camera">
      <UniqueIdentifier>{abaaa991-94de-458c-ad45-9a1c6724822d}</UniqueIdentifier>
    </Filter>
    <Filter Include="Shader">
      <UniqueIdentifier>{73e48db5-afe9-4edb-a2dc-b87282d45549}</UniqueIdentifier>
    </Filter>
  </ItemGroup>
  <ItemGroup>
    <ClCompile Include="Core\DirectX\D3DResourceLeakChecker.cpp">
      <Filter>Core\DirectX</Filter>
    </ClCompile>
    <ClCompile Include="Core\DirectX\DXCommon.cpp">
      <Filter>Core\DirectX</Filter>
    </ClCompile>
    <ClCompile Include="Core\DirectX\PSOManager.cpp">
      <Filter>Core\DirectX</Filter>
    </ClCompile>
    <ClCompile Include="Core\WinApp\WinApp.cpp">
      <Filter>Core\WinApp</Filter>
    </ClCompile>
    <ClCompile Include="Framework\eScene\ParticleTestScene.cpp">
      <Filter>Framework\eScene</Filter>
    </ClCompile>
    <ClCompile Include="Framework\eScene\SampleScene.cpp">
      <Filter>Framework\eScene</Filter>
    </ClCompile>
    <ClCompile Include="Framework\eScene\SceneManager.cpp">
      <Filter>Framework\eScene</Filter>
    </ClCompile>
    <ClCompile Include="Framework\Particle\Effect.cpp">
      <Filter>Framework\Particle</Filter>
    </ClCompile>
    <ClCompile Include="Framework\Particle\Particle.cpp">
      <Filter>Framework\Particle</Filter>
    </ClCompile>
    <ClCompile Include="Framework\Particle\ParticleEmitters.cpp">
      <Filter>Framework\Particle</Filter>
    </ClCompile>
    <ClCompile Include="Framework\Particle\ParticleManager.cpp">
      <Filter>Framework\Particle</Filter>
    </ClCompile>
    <ClCompile Include="Physics\Collision\Collider.cpp">
      <Filter>Physics\Collision</Filter>
    </ClCompile>
    <ClCompile Include="Physics\Collision\CollisionManager.cpp">
      <Filter>Physics\Collision</Filter>
    </ClCompile>
    <ClCompile Include="Physics\Collision\Shapes.cpp">
      <Filter>Physics\Collision</Filter>
    </ClCompile>
    <ClCompile Include="Physics\Math\Easing.cpp">
      <Filter>Physics\Math</Filter>
    </ClCompile>
    <ClCompile Include="Physics\Math\Matrix4x4.cpp">
      <Filter>Physics\Math</Filter>
    </ClCompile>
    <ClCompile Include="Physics\Math\MatrixFunction.cpp">
      <Filter>Physics\Math</Filter>
    </ClCompile>
    <ClCompile Include="Physics\Math\MyLib.cpp">
      <Filter>Physics\Math</Filter>
    </ClCompile>
    <ClCompile Include="Physics\Math\Quaternion.cpp">
      <Filter>Physics\Math</Filter>
    </ClCompile>
    <ClCompile Include="Physics\Math\Vector2.cpp">
      <Filter>Physics\Math</Filter>
    </ClCompile>
    <ClCompile Include="Physics\Math\Vector3.cpp">
      <Filter>Physics\Math</Filter>
    </ClCompile>
    <ClCompile Include="Physics\Math\VectorFunction.cpp">
      <Filter>Physics\Math</Filter>
    </ClCompile>
    <ClCompile Include="Rendering\Light\DirectionalLight.cpp">
      <Filter>Rendering\Light</Filter>
    </ClCompile>
    <ClCompile Include="Rendering\Light\LightGroup.cpp">
      <Filter>Rendering\Light</Filter>
    </ClCompile>
    <ClCompile Include="Rendering\Light\PointLight.cpp">
      <Filter>Rendering\Light</Filter>
    </ClCompile>
    <ClCompile Include="Rendering\Light\SpotLight.cpp">
      <Filter>Rendering\Light</Filter>
    </ClCompile>
    <ClCompile Include="Rendering\LineDrawer\LineDrawer.cpp">
      <Filter>Rendering\LineDrawer</Filter>
    </ClCompile>
    <ClCompile Include="Rendering\Model\Animation\Joint\Joint.cpp">
      <Filter>Rendering\Model\Animation\Joint</Filter>
    </ClCompile>
    <ClCompile Include="Rendering\Model\Animation\ModelAnimation.cpp">
      <Filter>Rendering\Model\Animation</Filter>
    </ClCompile>
    <ClCompile Include="Rendering\Model\Animation\Node\Node.cpp">
      <Filter>Rendering\Model\Animation\Node</Filter>
    </ClCompile>
    <ClCompile Include="Rendering\Model\Animation\Skeleton\Skeleton.cpp">
      <Filter>Rendering\Model\Animation\Skeleton</Filter>
    </ClCompile>
    <ClCompile Include="Rendering\Model\Animation\SkinCluster\SkinCluster.cpp">
      <Filter>Rendering\Model\Animation\SkinCluster</Filter>
    </ClCompile>
    <ClCompile Include="Rendering\Model\AnimationModel.cpp">
      <Filter>Rendering\Model</Filter>
    </ClCompile>
    <ClCompile Include="Rendering\Model\Material.cpp">
      <Filter>Rendering\Model</Filter>
    </ClCompile>
    <ClCompile Include="Rendering\Model\Mesh.cpp">
      <Filter>Rendering\Model</Filter>
    </ClCompile>
    <ClCompile Include="Rendering\Model\Model.cpp">
      <Filter>Rendering\Model</Filter>
    </ClCompile>
    <ClCompile Include="Rendering\Model\ModelManager.cpp">
      <Filter>Rendering\Model</Filter>
    </ClCompile>
    <ClCompile Include="Rendering\Model\ObjectColor.cpp">
      <Filter>Rendering\Model</Filter>
    </ClCompile>
    <ClCompile Include="Rendering\Model\ObjectModel.cpp">
      <Filter>Rendering\Model</Filter>
    </ClCompile>
    <ClCompile Include="Rendering\Model\WorldTransform.cpp">
      <Filter>Rendering\Model</Filter>
    </ClCompile>
    <ClCompile Include="Rendering\Sprite\Sprite.cpp">
      <Filter>Rendering\Sprite</Filter>
    </ClCompile>
    <ClCompile Include="Rendering\Sprite\SpriteManager.cpp">
      <Filter>Rendering\Sprite</Filter>
    </ClCompile>
    <ClCompile Include="ResourceManagement\SRVManager.cpp">
      <Filter>ResourceManagement</Filter>
    </ClCompile>
    <ClCompile Include="ResourceManagement\TextureManager\TextureManager.cpp">
      <Filter>ResourceManagement\TextureManager</Filter>
    </ClCompile>
    <ClCompile Include="Systems\Audio\Audio.cpp">
      <Filter>Systems\Audio</Filter>
    </ClCompile>
    <ClCompile Include="Systems\Config\Config.cpp">
      <Filter>Systems\Config</Filter>
    </ClCompile>
    <ClCompile Include="Systems\Config\ConfigManager.cpp">
      <Filter>Systems\Config</Filter>
    </ClCompile>
    <ClCompile Include="Systems\Input\Input.cpp">
      <Filter>Systems\Input</Filter>
    </ClCompile>
    <ClCompile Include="Systems\Time\Time.cpp">
      <Filter>Systems\Time</Filter>
    </ClCompile>
    <ClCompile Include="Systems\Utility\CatmulRomSpline.cpp">
      <Filter>Systems\Utility</Filter>
    </ClCompile>
    <ClCompile Include="Systems\Utility\Debug.cpp">
      <Filter>Systems\Utility</Filter>
    </ClCompile>
    <ClCompile Include="Systems\Utility\JsonLoader.cpp">
      <Filter>Systems\Utility</Filter>
    </ClCompile>
    <ClCompile Include="Systems\Utility\RandomGenerator.cpp">
      <Filter>Systems\Utility</Filter>
    </ClCompile>
    <ClCompile Include="UI\ImGuiManager\ImGuiManager.cpp">
      <Filter>UI\ImGuiManager</Filter>
    </ClCompile>
    <ClCompile Include="UI\UIBase.cpp">
      <Filter>UI</Filter>
    </ClCompile>
    <ClCompile Include="UI\UIButton.cpp">
      <Filter>UI</Filter>
    </ClCompile>
    <ClCompile Include="UI\UISprite.cpp">
      <Filter>UI</Filter>
    </ClCompile>
    <ClCompile Include="Framework\Camera\Camera.cpp">
      <Filter>Framework\Camera</Filter>
    </ClCompile>
    <ClCompile Include="Framework\Camera\DebugCamera.cpp">
      <Filter>Framework\Camera</Filter>
    </ClCompile>
  </ItemGroup>
  <ItemGroup>
    <FxCompile Include="..\Sample\Resources\Shader\LineDrawer.PS.hlsl">
      <Filter>Shader</Filter>
    </FxCompile>
    <FxCompile Include="..\Sample\Resources\Shader\LineDrawer.VS.hlsl">
      <Filter>Shader</Filter>
    </FxCompile>
    <FxCompile Include="..\Sample\Resources\Shader\Object3d.PS.hlsl">
      <Filter>Shader</Filter>
    </FxCompile>
    <FxCompile Include="..\Sample\Resources\Shader\Object3d.VS.hlsl">
      <Filter>Shader</Filter>
    </FxCompile>
    <FxCompile Include="..\Sample\Resources\Shader\Particle.PS.hlsl">
      <Filter>Shader</Filter>
    </FxCompile>
    <FxCompile Include="..\Sample\Resources\Shader\Particle.VS.hlsl">
      <Filter>Shader</Filter>
    </FxCompile>
    <FxCompile Include="..\Sample\Resources\Shader\SkinningObject3d.VS.hlsl">
      <Filter>Shader</Filter>
    </FxCompile>
    <FxCompile Include="..\Sample\Resources\Shader\Sprite.PS.hlsl">
      <Filter>Shader</Filter>
    </FxCompile>
    <FxCompile Include="..\Sample\Resources\Shader\Sprite.VS.hlsl">
      <Filter>Shader</Filter>
    </FxCompile>
  </ItemGroup>
  <ItemGroup>
    <None Include="..\Sample\Resources\Shader\LineDrawer.hlsli">
      <Filter>Shader</Filter>
    </None>
    <None Include="..\Sample\Resources\Shader\Object3d.hlsli">
      <Filter>Shader</Filter>
    </None>
    <None Include="..\Sample\Resources\Shader\Particle.hlsli">
      <Filter>Shader</Filter>
    </None>
    <None Include="..\Sample\Resources\Shader\Sprite.hlsli">
      <Filter>Shader</Filter>
    </None>
  </ItemGroup>
  <ItemGroup>
    <ClInclude Include="Core\DirectX\D3DResourceLeakChecker.h">
      <Filter>Core\DirectX</Filter>
    </ClInclude>
    <ClInclude Include="Core\DirectX\DXCommon.h">
      <Filter>Core\DirectX</Filter>
    </ClInclude>
    <ClInclude Include="Core\DirectX\PSOManager.h">
      <Filter>Core\DirectX</Filter>
    </ClInclude>
    <ClInclude Include="Core\WinApp\WinApp.h">
      <Filter>Core\WinApp</Filter>
    </ClInclude>
    <ClInclude Include="Framework\eScene\BaseScene.h">
      <Filter>Framework\eScene</Filter>
    </ClInclude>
    <ClInclude Include="Framework\eScene\ParticleTestScene.h">
      <Filter>Framework\eScene</Filter>
    </ClInclude>
    <ClInclude Include="Framework\eScene\SampleScene.h">
      <Filter>Framework\eScene</Filter>
    </ClInclude>
    <ClInclude Include="Framework\eScene\SceneManager.h">
      <Filter>Framework\eScene</Filter>
    </ClInclude>
    <ClInclude Include="Framework\Particle\Effect.h">
      <Filter>Framework\Particle</Filter>
    </ClInclude>
    <ClInclude Include="Framework\Particle\Particle.h">
      <Filter>Framework\Particle</Filter>
    </ClInclude>
    <ClInclude Include="Framework\Particle\ParticleEmitters.h">
      <Filter>Framework\Particle</Filter>
    </ClInclude>
    <ClInclude Include="Framework\Particle\ParticleInitParam.h">
      <Filter>Framework\Particle</Filter>
    </ClInclude>
    <ClInclude Include="Framework\Particle\ParticleManager.h">
      <Filter>Framework\Particle</Filter>
    </ClInclude>
    <ClInclude Include="Physics\Collision\Collider.h">
      <Filter>Physics\Collision</Filter>
    </ClInclude>
    <ClInclude Include="Physics\Collision\CollisionManager.h">
      <Filter>Physics\Collision</Filter>
    </ClInclude>
    <ClInclude Include="Physics\Collision\Shapes.h">
      <Filter>Physics\Collision</Filter>
    </ClInclude>
    <ClInclude Include="Physics\Math\Easing.h">
      <Filter>Physics\Math</Filter>
    </ClInclude>
    <ClInclude Include="Physics\Math\Matrix3x3.h">
      <Filter>Physics\Math</Filter>
    </ClInclude>
    <ClInclude Include="Physics\Math\Matrix4x4.h">
      <Filter>Physics\Math</Filter>
    </ClInclude>
    <ClInclude Include="Physics\Math\MatrixFunction.h">
      <Filter>Physics\Math</Filter>
    </ClInclude>
    <ClInclude Include="Physics\Math\MyLib.h">
      <Filter>Physics\Math</Filter>
    </ClInclude>
    <ClInclude Include="Physics\Math\Quaternion.h">
      <Filter>Physics\Math</Filter>
    </ClInclude>
    <ClInclude Include="Physics\Math\QuaternionTransform.h">
      <Filter>Physics\Math</Filter>
    </ClInclude>
    <ClInclude Include="Physics\Math\Vector2.h">
      <Filter>Physics\Math</Filter>
    </ClInclude>
    <ClInclude Include="Physics\Math\Vector3.h">
      <Filter>Physics\Math</Filter>
    </ClInclude>
    <ClInclude Include="Physics\Math\Vector4.h">
      <Filter>Physics\Math</Filter>
    </ClInclude>
    <ClInclude Include="Physics\Math\VectorFunction.h">
      <Filter>Physics\Math</Filter>
    </ClInclude>
    <ClInclude Include="Rendering\Light\DirectionalLight.h">
      <Filter>Rendering\Light</Filter>
    </ClInclude>
    <ClInclude Include="Rendering\Light\LightGroup.h">
      <Filter>Rendering\Light</Filter>
    </ClInclude>
    <ClInclude Include="Rendering\Light\PointLight.h">
      <Filter>Rendering\Light</Filter>
    </ClInclude>
    <ClInclude Include="Rendering\Light\SpotLight.h">
      <Filter>Rendering\Light</Filter>
    </ClInclude>
    <ClInclude Include="Rendering\LineDrawer\LineDrawer.h">
      <Filter>Rendering\LineDrawer</Filter>
    </ClInclude>
    <ClInclude Include="Rendering\Model\Animation\Joint\Joint.h">
      <Filter>Rendering\Model\Animation\Joint</Filter>
    </ClInclude>
    <ClInclude Include="Rendering\Model\Animation\ModelAnimation.h">
      <Filter>Rendering\Model\Animation</Filter>
    </ClInclude>
    <ClInclude Include="Rendering\Model\Animation\Node\Node.h">
      <Filter>Rendering\Model\Animation\Node</Filter>
    </ClInclude>
    <ClInclude Include="Rendering\Model\Animation\Skeleton\Skeleton.h">
      <Filter>Rendering\Model\Animation\Skeleton</Filter>
    </ClInclude>
    <ClInclude Include="Rendering\Model\Animation\SkinCluster\SkinCluster.h">
      <Filter>Rendering\Model\Animation\SkinCluster</Filter>
    </ClInclude>
    <ClInclude Include="Rendering\Model\AnimationModel.h">
      <Filter>Rendering\Model</Filter>
    </ClInclude>
    <ClInclude Include="Rendering\Model\Material.h">
      <Filter>Rendering\Model</Filter>
    </ClInclude>
    <ClInclude Include="Rendering\Model\Mesh.h">
      <Filter>Rendering\Model</Filter>
    </ClInclude>
    <ClInclude Include="Rendering\Model\Model.h">
      <Filter>Rendering\Model</Filter>
    </ClInclude>
    <ClInclude Include="Rendering\Model\ModelManager.h">
      <Filter>Rendering\Model</Filter>
    </ClInclude>
    <ClInclude Include="Rendering\Model\ObjectColor.h">
      <Filter>Rendering\Model</Filter>
    </ClInclude>
    <ClInclude Include="Rendering\Model\ObjectModel.h">
      <Filter>Rendering\Model</Filter>
    </ClInclude>
    <ClInclude Include="Rendering\Model\WorldTransform.h">
      <Filter>Rendering\Model</Filter>
    </ClInclude>
    <ClInclude Include="Rendering\Sprite\Sprite.h">
      <Filter>Rendering\Sprite</Filter>
    </ClInclude>
    <ClInclude Include="Rendering\Sprite\SpriteManager.h">
      <Filter>Rendering\Sprite</Filter>
    </ClInclude>
    <ClInclude Include="ResourceManagement\SRVManager.h">
      <Filter>ResourceManagement</Filter>
    </ClInclude>
    <ClInclude Include="ResourceManagement\TextureManager\TextureManager.h">
      <Filter>ResourceManagement\TextureManager</Filter>
    </ClInclude>
    <ClInclude Include="Systems\Audio\Audio.h">
      <Filter>Systems\Audio</Filter>
    </ClInclude>
    <ClInclude Include="Systems\Config\Config.h">
      <Filter>Systems\Config</Filter>
    </ClInclude>
    <ClInclude Include="Systems\Config\ConfigManager.h">
      <Filter>Systems\Config</Filter>
    </ClInclude>
    <ClInclude Include="Systems\Input\Input.h">
      <Filter>Systems\Input</Filter>
    </ClInclude>
    <ClInclude Include="Systems\Time\Time.h">
      <Filter>Systems\Time</Filter>
    </ClInclude>
    <ClInclude Include="Systems\Utility\CatmulRomSpline.h">
      <Filter>Systems\Utility</Filter>
    </ClInclude>
    <ClInclude Include="Systems\Utility\Debug.h">
      <Filter>Systems\Utility</Filter>
    </ClInclude>
    <ClInclude Include="Systems\Utility\JsonLoader.h">
      <Filter>Systems\Utility</Filter>
    </ClInclude>
    <ClInclude Include="Systems\Utility\RandomGenerator.h">
      <Filter>Systems\Utility</Filter>
    </ClInclude>
    <ClInclude Include="UI\ImGuiManager\ImGuiManager.h">
      <Filter>UI\ImGuiManager</Filter>
    </ClInclude>
    <ClInclude Include="UI\UIBase.h">
      <Filter>UI</Filter>
    </ClInclude>
    <ClInclude Include="UI\UIButton.h">
      <Filter>UI</Filter>
    </ClInclude>
    <ClInclude Include="UI\UISprite.h">
      <Filter>UI</Filter>
    </ClInclude>
    <ClInclude Include="Framework\Camera\Camera.h">
      <Filter>Framework\Camera</Filter>
    </ClInclude>
    <ClInclude Include="Framework\Camera\DebugCamera.h">
      <Filter>Framework\Camera</Filter>
    </ClInclude>
  </ItemGroup>
</Project>